# This file was autogenerated by Stack.
# You should not edit this file by hand.
# For more information, please see the documentation at:
#   https://docs.haskellstack.org/en/stable/topics/lock_files

packages:
- completed:
    hackage: hable-0.3.1@sha256:cfa2f6581a5eac0f091e0cfe81aa35251912d925b0774dde4b013edb39441176,831
    pantry-tree:
      sha256: defe1259dbd4e6eed6c432d58ab94976d38ef86e36629f9d64960df6b7efb979
      size: 548
  original:
    hackage: hable-0.3.1
snapshots:
- completed:
    sha256: 2e7d4a730d8eb5373b2d383fac84efcf7c81e3b7a5fce71b4c2e19a1768f25a6
    size: 640239
    url: https://raw.githubusercontent.com/commercialhaskell/stackage-snapshots/master/lts/21/6.yaml
  original: lts-21.6
