# This file was autogenerated by Stack.
# You should not edit this file by hand.
# For more information, please see the documentation at:
#   https://docs.haskellstack.org/en/stable/lock_files

packages:
- completed:
    commit: f2995c88a0635128fcefdc3ab350bf2d8f35f4ab
    git: https://github.com/dustin/aoc.git
    name: aoc
    pantry-tree:
      sha256: 52be3f8e44f54d3b69ca6028327e846f3b7114a414138687af2f0280b1e146ed
      size: 1238
    version: 0.3.3.0
  original:
    commit: f2995c88a0635128fcefdc3ab350bf2d8f35f4ab
    git: https://github.com/dustin/aoc.git
snapshots:
- completed:
    sha256: 2e7d4a730d8eb5373b2d383fac84efcf7c81e3b7a5fce71b4c2e19a1768f25a6
    size: 640239
    url: https://raw.githubusercontent.com/commercialhaskell/stackage-snapshots/master/lts/21/6.yaml
  original: lts-21.6
